
Microsoft Visual Studio Solution File, Format Version 12.00
# Visual Studio Version 16
VisualStudioVersion = 16.0.29102.190
MinimumVisualStudioVersion = 10.0.40219.1
Project("{FAE04EC0-301F-11D3-BF4B-00C04F79EFBC}") = "CalculatorProject", "CalculatorProject\CalculatorProject.csproj", "{B4AB6053-C5DD-423D-B612-06744FA5328C}"
EndProject
Global
	GlobalSection(SolutionConfigurationPlatforms) = preSolution
		Debug|Any CPU = Debug|Any CPU
		Release|Any CPU = Release|Any CPU
	EndGlobalSection
	GlobalSection(ProjectConfigurationPlatforms) = postSolution
		{B4AB6053-C5DD-423D-B612-06744FA5328C}.Debug|Any CPU.ActiveCfg = Debug|Any CPU
		{B4AB6053-C5DD-423D-B612-06744FA5328C}.Debug|Any CPU.Build.0 = Debug|Any CPU
		{B4AB6053-C5DD-423D-B612-06744FA5328C}.Release|Any CPU.ActiveCfg = Release|Any CPU
		{B4AB6053-C5DD-423D-B612-06744FA5328C}.Release|Any CPU.Build.0 = Release|Any CPU
	EndGlobalSection
	GlobalSection(SolutionProperties) = preSolution
		HideSolutionNode = FALSE
	EndGlobalSection
	GlobalSection(ExtensibilityGlobals) = postSolution
		SolutionGuid = {34EF5403-32AC-4464-908E-61E0F102BF99}
	EndGlobalSection
EndGlobal
